-
  conditions:
     -
        type: text
        value: flock
        strategy: next
     -
        type: text
        value: /
        strategy: next
     -
        type: placeholder
        value: ~
        capabilities: [browser_version]
        strategy: next
  category: browser
  priority: 1
  capabilities:
    browser_name: Flock
    browser_vendor_name: Flock, Inc.